
Microsoft Visual Studio Solution File, Format Version 12.00
# Visual Studio Version 16
VisualStudioVersion = 16.0.809.5
MinimumVisualStudioVersion = 10.0.40219.1
Project("{FAE04EC0-301F-11D3-BF4B-00C04F79EFBC}") = "LessonFourLab.Android", "LessonFourLab.Android\LessonFourLab.Android.csproj", "{F1C433E2-DA47-4FB1-B0CD-6C0027022A9D}"
EndProject
Project("{FAE04EC0-301F-11D3-BF4B-00C04F79EFBC}") = "LessonFourLab.iOS", "LessonFourLab.iOS\LessonFourLab.iOS.csproj", "{FE50B5D8-7695-4672-B035-3082CD5C770D}"
EndProject
Project("{9A19103F-16F7-4668-BE54-9A1E7A4F7556}") = "LessonFourLab", "LessonFourLab\LessonFourLab.csproj", "{F3FBC4F6-98D2-41AC-A5DB-5689594298F3}"
EndProject
Global
	GlobalSection(SolutionConfigurationPlatforms) = preSolution
		Debug|Any CPU = Debug|Any CPU
		Debug|iPhone = Debug|iPhone
		Debug|iPhoneSimulator = Debug|iPhoneSimulator
		Release|Any CPU = Release|Any CPU
		Release|iPhone = Release|iPhone
		Release|iPhoneSimulator = Release|iPhoneSimulator
	EndGlobalSection
	GlobalSection(ProjectConfigurationPlatforms) = postSolution
		{F1C433E2-DA47-4FB1-B0CD-6C0027022A9D}.Debug|Any CPU.ActiveCfg = Debug|Any CPU
		{F1C433E2-DA47-4FB1-B0CD-6C0027022A9D}.Debug|Any CPU.Build.0 = Debug|Any CPU
		{F1C433E2-DA47-4FB1-B0CD-6C0027022A9D}.Debug|Any CPU.Deploy.0 = Debug|Any CPU
		{F1C433E2-DA47-4FB1-B0CD-6C0027022A9D}.Debug|iPhone.ActiveCfg = Debug|Any CPU
		{F1C433E2-DA47-4FB1-B0CD-6C0027022A9D}.Debug|iPhone.Build.0 = Debug|Any CPU
		{F1C433E2-DA47-4FB1-B0CD-6C0027022A9D}.Debug|iPhoneSimulator.ActiveCfg = Debug|Any CPU
		{F1C433E2-DA47-4FB1-B0CD-6C0027022A9D}.Debug|iPhoneSimulator.Build.0 = Debug|Any CPU
		{F1C433E2-DA47-4FB1-B0CD-6C0027022A9D}.Release|Any CPU.ActiveCfg = Release|Any CPU
		{F1C433E2-DA47-4FB1-B0CD-6C0027022A9D}.Release|Any CPU.Build.0 = Release|Any CPU
		{F1C433E2-DA47-4FB1-B0CD-6C0027022A9D}.Release|iPhone.ActiveCfg = Release|Any CPU
		{F1C433E2-DA47-4FB1-B0CD-6C0027022A9D}.Release|iPhone.Build.0 = Release|Any CPU
		{F1C433E2-DA47-4FB1-B0CD-6C0027022A9D}.Release|iPhoneSimulator.ActiveCfg = Release|Any CPU
		{F1C433E2-DA47-4FB1-B0CD-6C0027022A9D}.Release|iPhoneSimulator.Build.0 = Release|Any CPU
		{FE50B5D8-7695-4672-B035-3082CD5C770D}.Debug|Any CPU.ActiveCfg = Debug|iPhoneSimulator
		{FE50B5D8-7695-4672-B035-3082CD5C770D}.Debug|Any CPU.Build.0 = Debug|iPhoneSimulator
		{FE50B5D8-7695-4672-B035-3082CD5C770D}.Debug|iPhone.ActiveCfg = Debug|iPhone
		{FE50B5D8-7695-4672-B035-3082CD5C770D}.Debug|iPhone.Build.0 = Debug|iPhone
		{FE50B5D8-7695-4672-B035-3082CD5C770D}.Debug|iPhoneSimulator.ActiveCfg = Debug|iPhoneSimulator
		{FE50B5D8-7695-4672-B035-3082CD5C770D}.Debug|iPhoneSimulator.Build.0 = Debug|iPhoneSimulator
		{FE50B5D8-7695-4672-B035-3082CD5C770D}.Release|Any CPU.ActiveCfg = Release|iPhoneSimulator
		{FE50B5D8-7695-4672-B035-3082CD5C770D}.Release|Any CPU.Build.0 = Release|iPhoneSimulator
		{FE50B5D8-7695-4672-B035-3082CD5C770D}.Release|iPhone.ActiveCfg = Release|iPhone
		{FE50B5D8-7695-4672-B035-3082CD5C770D}.Release|iPhone.Build.0 = Release|iPhone
		{FE50B5D8-7695-4672-B035-3082CD5C770D}.Release|iPhoneSimulator.ActiveCfg = Release|iPhoneSimulator
		{FE50B5D8-7695-4672-B035-3082CD5C770D}.Release|iPhoneSimulator.Build.0 = Release|iPhoneSimulator
		{F3FBC4F6-98D2-41AC-A5DB-5689594298F3}.Debug|Any CPU.ActiveCfg = Debug|Any CPU
		{F3FBC4F6-98D2-41AC-A5DB-5689594298F3}.Debug|Any CPU.Build.0 = Debug|Any CPU
		{F3FBC4F6-98D2-41AC-A5DB-5689594298F3}.Debug|iPhone.ActiveCfg = Debug|Any CPU
		{F3FBC4F6-98D2-41AC-A5DB-5689594298F3}.Debug|iPhone.Build.0 = Debug|Any CPU
		{F3FBC4F6-98D2-41AC-A5DB-5689594298F3}.Debug|iPhoneSimulator.ActiveCfg = Debug|Any CPU
		{F3FBC4F6-98D2-41AC-A5DB-5689594298F3}.Debug|iPhoneSimulator.Build.0 = Debug|Any CPU
		{F3FBC4F6-98D2-41AC-A5DB-5689594298F3}.Release|Any CPU.ActiveCfg = Release|Any CPU
		{F3FBC4F6-98D2-41AC-A5DB-5689594298F3}.Release|Any CPU.Build.0 = Release|Any CPU
		{F3FBC4F6-98D2-41AC-A5DB-5689594298F3}.Release|iPhone.ActiveCfg = Release|Any CPU
		{F3FBC4F6-98D2-41AC-A5DB-5689594298F3}.Release|iPhone.Build.0 = Release|Any CPU
		{F3FBC4F6-98D2-41AC-A5DB-5689594298F3}.Release|iPhoneSimulator.ActiveCfg = Release|Any CPU
		{F3FBC4F6-98D2-41AC-A5DB-5689594298F3}.Release|iPhoneSimulator.Build.0 = Release|Any CPU
	EndGlobalSection
	GlobalSection(SolutionProperties) = preSolution
		HideSolutionNode = FALSE
	EndGlobalSection
	GlobalSection(ExtensibilityGlobals) = postSolution
		SolutionGuid = {63F0CD31-0A81-4EF3-B145-24E07FF54040}
	EndGlobalSection
EndGlobal
